// !$*UTF8*$!
{
	archiveVersion = 1;
	classes = {
	};
	objectVersion = 56;
	objects = {

/* Begin PBXBuildFile section */
		1D50185C291A5E7E00E280B7 /* HourlyCollectionViewCell.swift in Sources */ = {isa = PBXBuildFile; fileRef = 1D50185A291A5E7E00E280B7 /* HourlyCollectionViewCell.swift */; };
		1D50185D291A5E7E00E280B7 /* HourlyCollectionViewCell.xib in Resources */ = {isa = PBXBuildFile; fileRef = 1D50185B291A5E7E00E280B7 /* HourlyCollectionViewCell.xib */; };
		1D501860291A64A000E280B7 /* DaysTableViewCell.swift in Sources */ = {isa = PBXBuildFile; fileRef = 1D50185E291A64A000E280B7 /* DaysTableViewCell.swift */; };
		1D501861291A64A000E280B7 /* DaysTableViewCell.xib in Resources */ = {isa = PBXBuildFile; fileRef = 1D50185F291A64A000E280B7 /* DaysTableViewCell.xib */; };
		1D501863291A6DDB00E280B7 /* WeatherViewModelState.swift in Sources */ = {isa = PBXBuildFile; fileRef = 1D501862291A6DDB00E280B7 /* WeatherViewModelState.swift */; };
		1D501867291A724000E280B7 /* UIView.swift in Sources */ = {isa = PBXBuildFile; fileRef = 1D501866291A724000E280B7 /* UIView.swift */; };
		1D63604D2912B9C90024A67C /* Detailed7DaysViewController.swift in Sources */ = {isa = PBXBuildFile; fileRef = 1D63604B2912B9C90024A67C /* Detailed7DaysViewController.swift */; };
		1D63604E2912B9C90024A67C /* Detailed7DaysViewController.xib in Resources */ = {isa = PBXBuildFile; fileRef = 1D63604C2912B9C90024A67C /* Detailed7DaysViewController.xib */; };
		1D636051291506C20024A67C /* WeatherRequest.swift in Sources */ = {isa = PBXBuildFile; fileRef = 1D636050291506C20024A67C /* WeatherRequest.swift */; };
		1D636054291507FF0024A67C /* WeatherResponse.swift in Sources */ = {isa = PBXBuildFile; fileRef = 1D636053291507FF0024A67C /* WeatherResponse.swift */; };
		1D63605629150D9F0024A67C /* Request.swift in Sources */ = {isa = PBXBuildFile; fileRef = 1D63605529150D9F0024A67C /* Request.swift */; };
		1D63605829150E430024A67C /* Environment.swift in Sources */ = {isa = PBXBuildFile; fileRef = 1D63605729150E430024A67C /* Environment.swift */; };
		1D63605B29150E6C0024A67C /* Constants.swift in Sources */ = {isa = PBXBuildFile; fileRef = 1D63605A29150E6C0024A67C /* Constants.swift */; };
		1D63605D291510380024A67C /* Client.swift in Sources */ = {isa = PBXBuildFile; fileRef = 1D63605C291510380024A67C /* Client.swift */; };
		1D63605F291510A60024A67C /* ApiError.swift in Sources */ = {isa = PBXBuildFile; fileRef = 1D63605E291510A60024A67C /* ApiError.swift */; };
		1D636062291511AA0024A67C /* WeatherRepository.swift in Sources */ = {isa = PBXBuildFile; fileRef = 1D636061291511AA0024A67C /* WeatherRepository.swift */; };
		1D636065291514310024A67C /* WeatherViewModel.swift in Sources */ = {isa = PBXBuildFile; fileRef = 1D636064291514310024A67C /* WeatherViewModel.swift */; };
		1DB02A032924D1B500DDD27E /* CitiesTableViewCell.xib in Resources */ = {isa = PBXBuildFile; fileRef = 1DB02A022924D1B400DDD27E /* CitiesTableViewCell.xib */; };
		1DCBA0F429127BD7002F5A57 /* AppDelegate.swift in Sources */ = {isa = PBXBuildFile; fileRef = 1DCBA0F329127BD7002F5A57 /* AppDelegate.swift */; };
		1DCBA0F629127BD7002F5A57 /* SceneDelegate.swift in Sources */ = {isa = PBXBuildFile; fileRef = 1DCBA0F529127BD7002F5A57 /* SceneDelegate.swift */; };
		1DCBA0F829127BD7002F5A57 /* ViewController.swift in Sources */ = {isa = PBXBuildFile; fileRef = 1DCBA0F729127BD7002F5A57 /* ViewController.swift */; };
		1DCBA0FB29127BD7002F5A57 /* Main.storyboard in Resources */ = {isa = PBXBuildFile; fileRef = 1DCBA0F929127BD7002F5A57 /* Main.storyboard */; };
		1DCBA0FD29127BD9002F5A57 /* Assets.xcassets in Resources */ = {isa = PBXBuildFile; fileRef = 1DCBA0FC29127BD9002F5A57 /* Assets.xcassets */; };
		1DCBA10029127BD9002F5A57 /* LaunchScreen.storyboard in Resources */ = {isa = PBXBuildFile; fileRef = 1DCBA0FE29127BD9002F5A57 /* LaunchScreen.storyboard */; };
		1DCBA10B29127BD9002F5A57 /* weatherAppTests.swift in Sources */ = {isa = PBXBuildFile; fileRef = 1DCBA10A29127BD9002F5A57 /* weatherAppTests.swift */; };
		1DCBA11529127BD9002F5A57 /* weatherAppUITests.swift in Sources */ = {isa = PBXBuildFile; fileRef = 1DCBA11429127BD9002F5A57 /* weatherAppUITests.swift */; };
		1DCBA11729127BD9002F5A57 /* weatherAppUITestsLaunchTests.swift in Sources */ = {isa = PBXBuildFile; fileRef = 1DCBA11629127BD9002F5A57 /* weatherAppUITestsLaunchTests.swift */; };
		1DCBA126291298D2002F5A57 /* CitiesTableViewCell.swift in Sources */ = {isa = PBXBuildFile; fileRef = 1DCBA124291298D2002F5A57 /* CitiesTableViewCell.swift */; };
/* End PBXBuildFile section */

/* Begin PBXContainerItemProxy section */
		1DCBA10729127BD9002F5A57 /* PBXContainerItemProxy */ = {
			isa = PBXContainerItemProxy;
			containerPortal = 1DCBA0E829127BD7002F5A57 /* Project object */;
			proxyType = 1;
			remoteGlobalIDString = 1DCBA0EF29127BD7002F5A57;
			remoteInfo = weatherApp;
		};
		1DCBA11129127BD9002F5A57 /* PBXContainerItemProxy */ = {
			isa = PBXContainerItemProxy;
			containerPortal = 1DCBA0E829127BD7002F5A57 /* Project object */;
			proxyType = 1;
			remoteGlobalIDString = 1DCBA0EF29127BD7002F5A57;
			remoteInfo = weatherApp;
		};
/* End PBXContainerItemProxy section */

/* Begin PBXFileReference section */
		1D50185A291A5E7E00E280B7 /* HourlyCollectionViewCell.swift */ = {isa = PBXFileReference; lastKnownFileType = sourcecode.swift; path = HourlyCollectionViewCell.swift; sourceTree = "<group>"; };
		1D50185B291A5E7E00E280B7 /* HourlyCollectionViewCell.xib */ = {isa = PBXFileReference; lastKnownFileType = file.xib; path = HourlyCollectionViewCell.xib; sourceTree = "<group>"; };
		1D50185E291A64A000E280B7 /* DaysTableViewCell.swift */ = {isa = PBXFileReference; lastKnownFileType = sourcecode.swift; path = DaysTableViewCell.swift; sourceTree = "<group>"; };
		1D50185F291A64A000E280B7 /* DaysTableViewCell.xib */ = {isa = PBXFileReference; lastKnownFileType = file.xib; path = DaysTableViewCell.xib; sourceTree = "<group>"; };
		1D501862291A6DDB00E280B7 /* WeatherViewModelState.swift */ = {isa = PBXFileReference; lastKnownFileType = sourcecode.swift; path = WeatherViewModelState.swift; sourceTree = "<group>"; };
		1D501866291A724000E280B7 /* UIView.swift */ = {isa = PBXFileReference; lastKnownFileType = sourcecode.swift; path = UIView.swift; sourceTree = "<group>"; };
		1D63604B2912B9C90024A67C /* Detailed7DaysViewController.swift */ = {isa = PBXFileReference; lastKnownFileType = sourcecode.swift; path = Detailed7DaysViewController.swift; sourceTree = "<group>"; };
		1D63604C2912B9C90024A67C /* Detailed7DaysViewController.xib */ = {isa = PBXFileReference; lastKnownFileType = file.xib; path = Detailed7DaysViewController.xib; sourceTree = "<group>"; };
		1D636050291506C20024A67C /* WeatherRequest.swift */ = {isa = PBXFileReference; lastKnownFileType = sourcecode.swift; path = WeatherRequest.swift; sourceTree = "<group>"; };
		1D636053291507FF0024A67C /* WeatherResponse.swift */ = {isa = PBXFileReference; lastKnownFileType = sourcecode.swift; path = WeatherResponse.swift; sourceTree = "<group>"; };
		1D63605529150D9F0024A67C /* Request.swift */ = {isa = PBXFileReference; lastKnownFileType = sourcecode.swift; path = Request.swift; sourceTree = "<group>"; };
		1D63605729150E430024A67C /* Environment.swift */ = {isa = PBXFileReference; lastKnownFileType = sourcecode.swift; path = Environment.swift; sourceTree = "<group>"; };
		1D63605A29150E6C0024A67C /* Constants.swift */ = {isa = PBXFileReference; lastKnownFileType = sourcecode.swift; path = Constants.swift; sourceTree = "<group>"; };
		1D63605C291510380024A67C /* Client.swift */ = {isa = PBXFileReference; lastKnownFileType = sourcecode.swift; path = Client.swift; sourceTree = "<group>"; };
		1D63605E291510A60024A67C /* ApiError.swift */ = {isa = PBXFileReference; lastKnownFileType = sourcecode.swift; path = ApiError.swift; sourceTree = "<group>"; };
		1D636061291511AA0024A67C /* WeatherRepository.swift */ = {isa = PBXFileReference; lastKnownFileType = sourcecode.swift; path = WeatherRepository.swift; sourceTree = "<group>"; };
		1D636064291514310024A67C /* WeatherViewModel.swift */ = {isa = PBXFileReference; lastKnownFileType = sourcecode.swift; path = WeatherViewModel.swift; sourceTree = "<group>"; };
		1DB02A022924D1B400DDD27E /* CitiesTableViewCell.xib */ = {isa = PBXFileReference; fileEncoding = 4; lastKnownFileType = file.xib; path = CitiesTableViewCell.xib; sourceTree = "<group>"; };
		1DCBA0F029127BD7002F5A57 /* weatherApp.app */ = {isa = PBXFileReference; explicitFileType = wrapper.application; includeInIndex = 0; path = weatherApp.app; sourceTree = BUILT_PRODUCTS_DIR; };
		1DCBA0F329127BD7002F5A57 /* AppDelegate.swift */ = {isa = PBXFileReference; lastKnownFileType = sourcecode.swift; path = AppDelegate.swift; sourceTree = "<group>"; };
		1DCBA0F529127BD7002F5A57 /* SceneDelegate.swift */ = {isa = PBXFileReference; lastKnownFileType = sourcecode.swift; path = SceneDelegate.swift; sourceTree = "<group>"; };
		1DCBA0F729127BD7002F5A57 /* ViewController.swift */ = {isa = PBXFileReference; lastKnownFileType = sourcecode.swift; path = ViewController.swift; sourceTree = "<group>"; };
		1DCBA0FA29127BD7002F5A57 /* Base */ = {isa = PBXFileReference; lastKnownFileType = file.storyboard; name = Base; path = Base.lproj/Main.storyboard; sourceTree = "<group>"; };
		1DCBA0FC29127BD9002F5A57 /* Assets.xcassets */ = {isa = PBXFileReference; lastKnownFileType = folder.assetcatalog; path = Assets.xcassets; sourceTree = "<group>"; };
		1DCBA0FF29127BD9002F5A57 /* Base */ = {isa = PBXFileReference; lastKnownFileType = file.storyboard; name = Base; path = Base.lproj/LaunchScreen.storyboard; sourceTree = "<group>"; };
		1DCBA10129127BD9002F5A57 /* Info.plist */ = {isa = PBXFileReference; lastKnownFileType = text.plist.xml; path = Info.plist; sourceTree = "<group>"; };
		1DCBA10629127BD9002F5A57 /* weatherAppTests.xctest */ = {isa = PBXFileReference; explicitFileType = wrapper.cfbundle; includeInIndex = 0; path = weatherAppTests.xctest; sourceTree = BUILT_PRODUCTS_DIR; };
		1DCBA10A29127BD9002F5A57 /* weatherAppTests.swift */ = {isa = PBXFileReference; lastKnownFileType = sourcecode.swift; path = weatherAppTests.swift; sourceTree = "<group>"; };
		1DCBA11029127BD9002F5A57 /* weatherAppUITests.xctest */ = {isa = PBXFileReference; explicitFileType = wrapper.cfbundle; includeInIndex = 0; path = weatherAppUITests.xctest; sourceTree = BUILT_PRODUCTS_DIR; };
		1DCBA11429127BD9002F5A57 /* weatherAppUITests.swift */ = {isa = PBXFileReference; lastKnownFileType = sourcecode.swift; path = weatherAppUITests.swift; sourceTree = "<group>"; };
		1DCBA11629127BD9002F5A57 /* weatherAppUITestsLaunchTests.swift */ = {isa = PBXFileReference; lastKnownFileType = sourcecode.swift; path = weatherAppUITestsLaunchTests.swift; sourceTree = "<group>"; };
		1DCBA124291298D2002F5A57 /* CitiesTableViewCell.swift */ = {isa = PBXFileReference; lastKnownFileType = sourcecode.swift; path = CitiesTableViewCell.swift; sourceTree = "<group>"; };
/* End PBXFileReference section */

/* Begin PBXFrameworksBuildPhase section */
		1DCBA0ED29127BD7002F5A57 /* Frameworks */ = {
			isa = PBXFrameworksBuildPhase;
			buildActionMask = 2147483647;
			files = (
			);
			runOnlyForDeploymentPostprocessing = 0;
		};
		1DCBA10329127BD9002F5A57 /* Frameworks */ = {
			isa = PBXFrameworksBuildPhase;
			buildActionMask = 2147483647;
			files = (
			);
			runOnlyForDeploymentPostprocessing = 0;
		};
		1DCBA10D29127BD9002F5A57 /* Frameworks */ = {
			isa = PBXFrameworksBuildPhase;
			buildActionMask = 2147483647;
			files = (
			);
			runOnlyForDeploymentPostprocessing = 0;
		};
/* End PBXFrameworksBuildPhase section */

/* Begin PBXGroup section */
		1D501857291A5E2300E280B7 /* Cells */ = {
			isa = PBXGroup;
			children = (
				1D501859291A5E3900E280B7 /* CollectionCells */,
				1D501858291A5E3000E280B7 /* TableCells */,
			);
			path = Cells;
			sourceTree = "<group>";
		};
		1D501858291A5E3000E280B7 /* TableCells */ = {
			isa = PBXGroup;
			children = (
				1D50185E291A64A000E280B7 /* DaysTableViewCell.swift */,
				1D50185F291A64A000E280B7 /* DaysTableViewCell.xib */,
				1DCBA124291298D2002F5A57 /* CitiesTableViewCell.swift */,
				1DB02A022924D1B400DDD27E /* CitiesTableViewCell.xib */,
			);
			path = TableCells;
			sourceTree = "<group>";
		};
		1D501859291A5E3900E280B7 /* CollectionCells */ = {
			isa = PBXGroup;
			children = (
				1D50185A291A5E7E00E280B7 /* HourlyCollectionViewCell.swift */,
				1D50185B291A5E7E00E280B7 /* HourlyCollectionViewCell.xib */,
			);
			path = CollectionCells;
			sourceTree = "<group>";
		};
		1D501864291A6FA700E280B7 /* Strings */ = {
			isa = PBXGroup;
			children = (
			);
			path = Strings;
			sourceTree = "<group>";
		};
		1D501865291A720C00E280B7 /* Extensions */ = {
			isa = PBXGroup;
			children = (
				1D501866291A724000E280B7 /* UIView.swift */,
			);
			path = Extensions;
			sourceTree = "<group>";
		};
		1D63604A2912B99B0024A67C /* 7Days */ = {
			isa = PBXGroup;
			children = (
				1D63604B2912B9C90024A67C /* Detailed7DaysViewController.swift */,
				1D63604C2912B9C90024A67C /* Detailed7DaysViewController.xib */,
			);
			path = 7Days;
			sourceTree = "<group>";
		};
		1D63604F291506670024A67C /* Network */ = {
			isa = PBXGroup;
			children = (
				1D636050291506C20024A67C /* WeatherRequest.swift */,
				1D63605529150D9F0024A67C /* Request.swift */,
				1D63605729150E430024A67C /* Environment.swift */,
				1D63605C291510380024A67C /* Client.swift */,
				1D63605E291510A60024A67C /* ApiError.swift */,
			);
			path = Network;
			sourceTree = "<group>";
		};
		1D636052291507E30024A67C /* Model */ = {
			isa = PBXGroup;
			children = (
				1D636053291507FF0024A67C /* WeatherResponse.swift */,
				1D501862291A6DDB00E280B7 /* WeatherViewModelState.swift */,
			);
			path = Model;
			sourceTree = "<group>";
		};
		1D63605929150E4F0024A67C /* Constants */ = {
			isa = PBXGroup;
			children = (
				1D63605A29150E6C0024A67C /* Constants.swift */,
			);
			path = Constants;
			sourceTree = "<group>";
		};
		1D6360602915118D0024A67C /* Repository */ = {
			isa = PBXGroup;
			children = (
				1D636061291511AA0024A67C /* WeatherRepository.swift */,
			);
			path = Repository;
			sourceTree = "<group>";
		};
		1D636063291514140024A67C /* ViewModel */ = {
			isa = PBXGroup;
			children = (
				1D636064291514310024A67C /* WeatherViewModel.swift */,
			);
			path = ViewModel;
			sourceTree = "<group>";
		};
		1DCBA0E729127BD7002F5A57 = {
			isa = PBXGroup;
			children = (
				1DCBA0F229127BD7002F5A57 /* weatherApp */,
				1DCBA10929127BD9002F5A57 /* weatherAppTests */,
				1DCBA11329127BD9002F5A57 /* weatherAppUITests */,
				1DCBA0F129127BD7002F5A57 /* Products */,
			);
			sourceTree = "<group>";
		};
		1DCBA0F129127BD7002F5A57 /* Products */ = {
			isa = PBXGroup;
			children = (
				1DCBA0F029127BD7002F5A57 /* weatherApp.app */,
				1DCBA10629127BD9002F5A57 /* weatherAppTests.xctest */,
				1DCBA11029127BD9002F5A57 /* weatherAppUITests.xctest */,
			);
			name = Products;
			sourceTree = "<group>";
		};
		1DCBA0F229127BD7002F5A57 /* weatherApp */ = {
			isa = PBXGroup;
			children = (
				1D501865291A720C00E280B7 /* Extensions */,
				1D501864291A6FA700E280B7 /* Strings */,
				1D501857291A5E2300E280B7 /* Cells */,
				1D636063291514140024A67C /* ViewModel */,
				1D6360602915118D0024A67C /* Repository */,
				1D63605929150E4F0024A67C /* Constants */,
				1D636052291507E30024A67C /* Model */,
				1D63604F291506670024A67C /* Network */,
				1D63604A2912B99B0024A67C /* 7Days */,
				1DCBA1232912988C002F5A57 /* Table Cell */,
				1DCBA0F329127BD7002F5A57 /* AppDelegate.swift */,
				1DCBA0F529127BD7002F5A57 /* SceneDelegate.swift */,
				1DCBA0F729127BD7002F5A57 /* ViewController.swift */,
				1DCBA0F929127BD7002F5A57 /* Main.storyboard */,
				1DCBA0FC29127BD9002F5A57 /* Assets.xcassets */,
				1DCBA0FE29127BD9002F5A57 /* LaunchScreen.storyboard */,
				1DCBA10129127BD9002F5A57 /* Info.plist */,
			);
			path = weatherApp;
			sourceTree = "<group>";
		};
		1DCBA10929127BD9002F5A57 /* weatherAppTests */ = {
			isa = PBXGroup;
			children = (
				1DCBA10A29127BD9002F5A57 /* weatherAppTests.swift */,
			);
			path = weatherAppTests;
			sourceTree = "<group>";
		};
		1DCBA11329127BD9002F5A57 /* weatherAppUITests */ = {
			isa = PBXGroup;
			children = (
				1DCBA11429127BD9002F5A57 /* weatherAppUITests.swift */,
				1DCBA11629127BD9002F5A57 /* weatherAppUITestsLaunchTests.swift */,
			);
			path = weatherAppUITests;
			sourceTree = "<group>";
		};
		1DCBA1232912988C002F5A57 /* Table Cell */ = {
			isa = PBXGroup;
			children = (
			);
			path = "Table Cell";
			sourceTree = "<group>";
		};
/* End PBXGroup section */

/* Begin PBXNativeTarget section */
		1DCBA0EF29127BD7002F5A57 /* weatherApp */ = {
			isa = PBXNativeTarget;
			buildConfigurationList = 1DCBA11A29127BD9002F5A57 /* Build configuration list for PBXNativeTarget "weatherApp" */;
			buildPhases = (
				1DCBA0EC29127BD7002F5A57 /* Sources */,
				1DCBA0ED29127BD7002F5A57 /* Frameworks */,
				1DCBA0EE29127BD7002F5A57 /* Resources */,
			);
			buildRules = (
			);
			dependencies = (
			);
			name = weatherApp;
			packageProductDependencies = (
			);
			productName = weatherApp;
			productReference = 1DCBA0F029127BD7002F5A57 /* weatherApp.app */;
			productType = "com.apple.product-type.application";
		};
		1DCBA10529127BD9002F5A57 /* weatherAppTests */ = {
			isa = PBXNativeTarget;
			buildConfigurationList = 1DCBA11D29127BD9002F5A57 /* Build configuration list for PBXNativeTarget "weatherAppTests" */;
			buildPhases = (
				1DCBA10229127BD9002F5A57 /* Sources */,
				1DCBA10329127BD9002F5A57 /* Frameworks */,
				1DCBA10429127BD9002F5A57 /* Resources */,
			);
			buildRules = (
			);
			dependencies = (
				1DCBA10829127BD9002F5A57 /* PBXTargetDependency */,
			);
			name = weatherAppTests;
			productName = weatherAppTests;
			productReference = 1DCBA10629127BD9002F5A57 /* weatherAppTests.xctest */;
			productType = "com.apple.product-type.bundle.unit-test";
		};
		1DCBA10F29127BD9002F5A57 /* weatherAppUITests */ = {
			isa = PBXNativeTarget;
			buildConfigurationList = 1DCBA12029127BD9002F5A57 /* Build configuration list for PBXNativeTarget "weatherAppUITests" */;
			buildPhases = (
				1DCBA10C29127BD9002F5A57 /* Sources */,
				1DCBA10D29127BD9002F5A57 /* Frameworks */,
				1DCBA10E29127BD9002F5A57 /* Resources */,
			);
			buildRules = (
			);
			dependencies = (
				1DCBA11229127BD9002F5A57 /* PBXTargetDependency */,
			);
			name = weatherAppUITests;
			productName = weatherAppUITests;
			productReference = 1DCBA11029127BD9002F5A57 /* weatherAppUITests.xctest */;
			productType = "com.apple.product-type.bundle.ui-testing";
		};
/* End PBXNativeTarget section */

/* Begin PBXProject section */
		1DCBA0E829127BD7002F5A57 /* Project object */ = {
			isa = PBXProject;
			attributes = {
				BuildIndependentTargetsInParallel = 1;
				LastSwiftUpdateCheck = 1400;
				LastUpgradeCheck = 1400;
				TargetAttributes = {
					1DCBA0EF29127BD7002F5A57 = {
						CreatedOnToolsVersion = 14.0.1;
					};
					1DCBA10529127BD9002F5A57 = {
						CreatedOnToolsVersion = 14.0.1;
						TestTargetID = 1DCBA0EF29127BD7002F5A57;
					};
					1DCBA10F29127BD9002F5A57 = {
						CreatedOnToolsVersion = 14.0.1;
						TestTargetID = 1DCBA0EF29127BD7002F5A57;
					};
				};
			};
			buildConfigurationList = 1DCBA0EB29127BD7002F5A57 /* Build configuration list for PBXProject "weatherApp" */;
			compatibilityVersion = "Xcode 14.0";
			developmentRegion = en;
			hasScannedForEncodings = 0;
			knownRegions = (
				en,
				Base,
			);
			mainGroup = 1DCBA0E729127BD7002F5A57;
			packageReferences = (
			);
			productRefGroup = 1DCBA0F129127BD7002F5A57 /* Products */;
			projectDirPath = "";
			projectRoot = "";
			targets = (
				1DCBA0EF29127BD7002F5A57 /* weatherApp */,
				1DCBA10529127BD9002F5A57 /* weatherAppTests */,
				1DCBA10F29127BD9002F5A57 /* weatherAppUITests */,
			);
		};
/* End PBXProject section */

/* Begin PBXResourcesBuildPhase section */
		1DCBA0EE29127BD7002F5A57 /* Resources */ = {
			isa = PBXResourcesBuildPhase;
			buildActionMask = 2147483647;
			files = (
				1DCBA10029127BD9002F5A57 /* LaunchScreen.storyboard in Resources */,
				1D501861291A64A000E280B7 /* DaysTableViewCell.xib in Resources */,
				1D63604E2912B9C90024A67C /* Detailed7DaysViewController.xib in Resources */,
				1DB02A032924D1B500DDD27E /* CitiesTableViewCell.xib in Resources */,
				1D50185D291A5E7E00E280B7 /* HourlyCollectionViewCell.xib in Resources */,
				1DCBA0FD29127BD9002F5A57 /* Assets.xcassets in Resources */,
				1DCBA0FB29127BD7002F5A57 /* Main.storyboard in Resources */,
			);
			runOnlyForDeploymentPostprocessing = 0;
		};
		1DCBA10429127BD9002F5A57 /* Resources */ = {
			isa = PBXResourcesBuildPhase;
			buildActionMask = 2147483647;
			files = (
			);
			runOnlyForDeploymentPostprocessing = 0;
		};
		1DCBA10E29127BD9002F5A57 /* Resources */ = {
			isa = PBXResourcesBuildPhase;
			buildActionMask = 2147483647;
			files = (
			);
			runOnlyForDeploymentPostprocessing = 0;
		};
/* End PBXResourcesBuildPhase section */

/* Begin PBXSourcesBuildPhase section */
		1DCBA0EC29127BD7002F5A57 /* Sources */ = {
			isa = PBXSourcesBuildPhase;
			buildActionMask = 2147483647;
			files = (
				1D636062291511AA0024A67C /* WeatherRepository.swift in Sources */,
				1DCBA126291298D2002F5A57 /* CitiesTableViewCell.swift in Sources */,
				1D63605B29150E6C0024A67C /* Constants.swift in Sources */,
				1D50185C291A5E7E00E280B7 /* HourlyCollectionViewCell.swift in Sources */,
				1D63605D291510380024A67C /* Client.swift in Sources */,
				1D63604D2912B9C90024A67C /* Detailed7DaysViewController.swift in Sources */,
				1DCBA0F829127BD7002F5A57 /* ViewController.swift in Sources */,
				1DCBA0F429127BD7002F5A57 /* AppDelegate.swift in Sources */,
				1D636051291506C20024A67C /* WeatherRequest.swift in Sources */,
				1DCBA0F629127BD7002F5A57 /* SceneDelegate.swift in Sources */,
				1D636065291514310024A67C /* WeatherViewModel.swift in Sources */,
				1D501863291A6DDB00E280B7 /* WeatherViewModelState.swift in Sources */,
				1D501860291A64A000E280B7 /* DaysTableViewCell.swift in Sources */,
				1D63605629150D9F0024A67C /* Request.swift in Sources */,
				1D636054291507FF0024A67C /* WeatherResponse.swift in Sources */,
				1D63605F291510A60024A67C /* ApiError.swift in Sources */,
				1D501867291A724000E280B7 /* UIView.swift in Sources */,
				1D63605829150E430024A67C /* Environment.swift in Sources */,
			);
			runOnlyForDeploymentPostprocessing = 0;
		};
		1DCBA10229127BD9002F5A57 /* Sources */ = {
			isa = PBXSourcesBuildPhase;
			buildActionMask = 2147483647;
			files = (
				1DCBA10B29127BD9002F5A57 /* weatherAppTests.swift in Sources */,
			);
			runOnlyForDeploymentPostprocessing = 0;
		};
		1DCBA10C29127BD9002F5A57 /* Sources */ = {
			isa = PBXSourcesBuildPhase;
			buildActionMask = 2147483647;
			files = (
				1DCBA11529127BD9002F5A57 /* weatherAppUITests.swift in Sources */,
				1DCBA11729127BD9002F5A57 /* weatherAppUITestsLaunchTests.swift in Sources */,
			);
			runOnlyForDeploymentPostprocessing = 0;
		};
/* End PBXSourcesBuildPhase section */

/* Begin PBXTargetDependency section */
		1DCBA10829127BD9002F5A57 /* PBXTargetDependency */ = {
			isa = PBXTargetDependency;
			target = 1DCBA0EF29127BD7002F5A57 /* weatherApp */;
			targetProxy = 1DCBA10729127BD9002F5A57 /* PBXContainerItemProxy */;
		};
		1DCBA11229127BD9002F5A57 /* PBXTargetDependency */ = {
			isa = PBXTargetDependency;
			target = 1DCBA0EF29127BD7002F5A57 /* weatherApp */;
			targetProxy = 1DCBA11129127BD9002F5A57 /* PBXContainerItemProxy */;
		};
/* End PBXTargetDependency section */

/* Begin PBXVariantGroup section */
		1DCBA0F929127BD7002F5A57 /* Main.storyboard */ = {
			isa = PBXVariantGroup;
			children = (
				1DCBA0FA29127BD7002F5A57 /* Base */,
			);
			name = Main.storyboard;
			sourceTree = "<group>";
		};
		1DCBA0FE29127BD9002F5A57 /* LaunchScreen.storyboard */ = {
			isa = PBXVariantGroup;
			children = (
				1DCBA0FF29127BD9002F5A57 /* Base */,
			);
			name = LaunchScreen.storyboard;
			sourceTree = "<group>";
		};
/* End PBXVariantGroup section */

/* Begin XCBuildConfiguration section */
		1DCBA11829127BD9002F5A57 /* Debug */ = {
			isa = XCBuildConfiguration;
			buildSettings = {
				ALWAYS_SEARCH_USER_PATHS = NO;
				CLANG_ANALYZER_NONNULL = YES;
				CLANG_ANALYZER_NUMBER_OBJECT_CONVERSION = YES_AGGRESSIVE;
				CLANG_CXX_LANGUAGE_STANDARD = "gnu++20";
				CLANG_ENABLE_MODULES = YES;
				CLANG_ENABLE_OBJC_ARC = YES;
				CLANG_ENABLE_OBJC_WEAK = YES;
				CLANG_WARN_BLOCK_CAPTURE_AUTORELEASING = YES;
				CLANG_WARN_BOOL_CONVERSION = YES;
				CLANG_WARN_COMMA = YES;
				CLANG_WARN_CONSTANT_CONVERSION = YES;
				CLANG_WARN_DEPRECATED_OBJC_IMPLEMENTATIONS = YES;
				CLANG_WARN_DIRECT_OBJC_ISA_USAGE = YES_ERROR;
				CLANG_WARN_DOCUMENTATION_COMMENTS = YES;
				CLANG_WARN_EMPTY_BODY = YES;
				CLANG_WARN_ENUM_CONVERSION = YES;
				CLANG_WARN_INFINITE_RECURSION = YES;
				CLANG_WARN_INT_CONVERSION = YES;
				CLANG_WARN_NON_LITERAL_NULL_CONVERSION = YES;
				CLANG_WARN_OBJC_IMPLICIT_RETAIN_SELF = YES;
				CLANG_WARN_OBJC_LITERAL_CONVERSION = YES;
				CLANG_WARN_OBJC_ROOT_CLASS = YES_ERROR;
				CLANG_WARN_QUOTED_INCLUDE_IN_FRAMEWORK_HEADER = YES;
				CLANG_WARN_RANGE_LOOP_ANALYSIS = YES;
				CLANG_WARN_STRICT_PROTOTYPES = YES;
				CLANG_WARN_SUSPICIOUS_MOVE = YES;
				CLANG_WARN_UNGUARDED_AVAILABILITY = YES_AGGRESSIVE;
				CLANG_WARN_UNREACHABLE_CODE = YES;
				CLANG_WARN__DUPLICATE_METHOD_MATCH = YES;
				COPY_PHASE_STRIP = NO;
				DEBUG_INFORMATION_FORMAT = dwarf;
				ENABLE_STRICT_OBJC_MSGSEND = YES;
				ENABLE_TESTABILITY = YES;
				GCC_C_LANGUAGE_STANDARD = gnu11;
				GCC_DYNAMIC_NO_PIC = NO;
				GCC_NO_COMMON_BLOCKS = YES;
				GCC_OPTIMIZATION_LEVEL = 0;
				GCC_PREPROCESSOR_DEFINITIONS = (
					"DEBUG=1",
					"$(inherited)",
				);
				GCC_WARN_64_TO_32_BIT_CONVERSION = YES;
				GCC_WARN_ABOUT_RETURN_TYPE = YES_ERROR;
				GCC_WARN_UNDECLARED_SELECTOR = YES;
				GCC_WARN_UNINITIALIZED_AUTOS = YES_AGGRESSIVE;
				GCC_WARN_UNUSED_FUNCTION = YES;
				GCC_WARN_UNUSED_VARIABLE = YES;
				IPHONEOS_DEPLOYMENT_TARGET = 16.0;
				MTL_ENABLE_DEBUG_INFO = INCLUDE_SOURCE;
				MTL_FAST_MATH = YES;
				ONLY_ACTIVE_ARCH = YES;
				SDKROOT = iphoneos;
				SWIFT_ACTIVE_COMPILATION_CONDITIONS = DEBUG;
				SWIFT_OPTIMIZATION_LEVEL = "-Onone";
			};
			name = Debug;
		};
		1DCBA11929127BD9002F5A57 /* Release */ = {
			isa = XCBuildConfiguration;
			buildSettings = {
				ALWAYS_SEARCH_USER_PATHS = NO;
				CLANG_ANALYZER_NONNULL = YES;
				CLANG_ANALYZER_NUMBER_OBJECT_CONVERSION = YES_AGGRESSIVE;
				CLANG_CXX_LANGUAGE_STANDARD = "gnu++20";
				CLANG_ENABLE_MODULES = YES;
				CLANG_ENABLE_OBJC_ARC = YES;
				CLANG_ENABLE_OBJC_WEAK = YES;
				CLANG_WARN_BLOCK_CAPTURE_AUTORELEASING = YES;
				CLANG_WARN_BOOL_CONVERSION = YES;
				CLANG_WARN_COMMA = YES;
				CLANG_WARN_CONSTANT_CONVERSION = YES;
				CLANG_WARN_DEPRECATED_OBJC_IMPLEMENTATIONS = YES;
				CLANG_WARN_DIRECT_OBJC_ISA_USAGE = YES_ERROR;
				CLANG_WARN_DOCUMENTATION_COMMENTS = YES;
				CLANG_WARN_EMPTY_BODY = YES;
				CLANG_WARN_ENUM_CONVERSION = YES;
				CLANG_WARN_INFINITE_RECURSION = YES;
				CLANG_WARN_INT_CONVERSION = YES;
				CLANG_WARN_NON_LITERAL_NULL_CONVERSION = YES;
				CLANG_WARN_OBJC_IMPLICIT_RETAIN_SELF = YES;
				CLANG_WARN_OBJC_LITERAL_CONVERSION = YES;
				CLANG_WARN_OBJC_ROOT_CLASS = YES_ERROR;
				CLANG_WARN_QUOTED_INCLUDE_IN_FRAMEWORK_HEADER = YES;
				CLANG_WARN_RANGE_LOOP_ANALYSIS = YES;
				CLANG_WARN_STRICT_PROTOTYPES = YES;
				CLANG_WARN_SUSPICIOUS_MOVE = YES;
				CLANG_WARN_UNGUARDED_AVAILABILITY = YES_AGGRESSIVE;
				CLANG_WARN_UNREACHABLE_CODE = YES;
				CLANG_WARN__DUPLICATE_METHOD_MATCH = YES;
				COPY_PHASE_STRIP = NO;
				DEBUG_INFORMATION_FORMAT = "dwarf-with-dsym";
				ENABLE_NS_ASSERTIONS = NO;
				ENABLE_STRICT_OBJC_MSGSEND = YES;
				GCC_C_LANGUAGE_STANDARD = gnu11;
				GCC_NO_COMMON_BLOCKS = YES;
				GCC_WARN_64_TO_32_BIT_CONVERSION = YES;
				GCC_WARN_ABOUT_RETURN_TYPE = YES_ERROR;
				GCC_WARN_UNDECLARED_SELECTOR = YES;
				GCC_WARN_UNINITIALIZED_AUTOS = YES_AGGRESSIVE;
				GCC_WARN_UNUSED_FUNCTION = YES;
				GCC_WARN_UNUSED_VARIABLE = YES;
				IPHONEOS_DEPLOYMENT_TARGET = 16.0;
				MTL_ENABLE_DEBUG_INFO = NO;
				MTL_FAST_MATH = YES;
				SDKROOT = iphoneos;
				SWIFT_COMPILATION_MODE = wholemodule;
				SWIFT_OPTIMIZATION_LEVEL = "-O";
				VALIDATE_PRODUCT = YES;
			};
			name = Release;
		};
		1DCBA11B29127BD9002F5A57 /* Debug */ = {
			isa = XCBuildConfiguration;
			buildSettings = {
				ASSETCATALOG_COMPILER_APPICON_NAME = AppIcon;
				ASSETCATALOG_COMPILER_GLOBAL_ACCENT_COLOR_NAME = AccentColor;
				CODE_SIGN_STYLE = Automatic;
				CURRENT_PROJECT_VERSION = 1;
				DEVELOPMENT_TEAM = F8DPK2WP94;
				GENERATE_INFOPLIST_FILE = YES;
				INFOPLIST_FILE = weatherApp/Info.plist;
				INFOPLIST_KEY_UIApplicationSupportsIndirectInputEvents = YES;
				INFOPLIST_KEY_UILaunchStoryboardName = LaunchScreen;
				INFOPLIST_KEY_UIMainStoryboardFile = Main;
				INFOPLIST_KEY_UISupportedInterfaceOrientations_iPad = "UIInterfaceOrientationPortrait UIInterfaceOrientationPortraitUpsideDown UIInterfaceOrientationLandscapeLeft UIInterfaceOrientationLandscapeRight";
				INFOPLIST_KEY_UISupportedInterfaceOrientations_iPhone = "UIInterfaceOrientationPortrait UIInterfaceOrientationLandscapeLeft UIInterfaceOrientationLandscapeRight";
				IPHONEOS_DEPLOYMENT_TARGET = 15.0;
				LD_RUNPATH_SEARCH_PATHS = (
					"$(inherited)",
					"@executable_path/Frameworks",
				);
				MARKETING_VERSION = 1.0;
				PRODUCT_BUNDLE_IDENTIFIER = Glucode.weatherApp;
				PRODUCT_NAME = "$(TARGET_NAME)";
				SWIFT_EMIT_LOC_STRINGS = YES;
				SWIFT_VERSION = 5.0;
				TARGETED_DEVICE_FAMILY = "1,2";
			};
			name = Debug;
		};
		1DCBA11C29127BD9002F5A57 /* Release */ = {
			isa = XCBuildConfiguration;
			buildSettings = {
				ASSETCATALOG_COMPILER_APPICON_NAME = AppIcon;
				ASSETCATALOG_COMPILER_GLOBAL_ACCENT_COLOR_NAME = AccentColor;
				CODE_SIGN_STYLE = Automatic;
				CURRENT_PROJECT_VERSION = 1;
				DEVELOPMENT_TEAM = F8DPK2WP94;
				GENERATE_INFOPLIST_FILE = YES;
				INFOPLIST_FILE = weatherApp/Info.plist;
				INFOPLIST_KEY_UIApplicationSupportsIndirectInputEvents = YES;
				INFOPLIST_KEY_UILaunchStoryboardName = LaunchScreen;
				INFOPLIST_KEY_UIMainStoryboardFile = Main;
				INFOPLIST_KEY_UISupportedInterfaceOrientations_iPad = "UIInterfaceOrientationPortrait UIInterfaceOrientationPortraitUpsideDown UIInterfaceOrientationLandscapeLeft UIInterfaceOrientationLandscapeRight";
				INFOPLIST_KEY_UISupportedInterfaceOrientations_iPhone = "UIInterfaceOrientationPortrait UIInterfaceOrientationLandscapeLeft UIInterfaceOrientationLandscapeRight";
				IPHONEOS_DEPLOYMENT_TARGET = 15.0;
				LD_RUNPATH_SEARCH_PATHS = (
					"$(inherited)",
					"@executable_path/Frameworks",
				);
				MARKETING_VERSION = 1.0;
				PRODUCT_BUNDLE_IDENTIFIER = Glucode.weatherApp;
				PRODUCT_NAME = "$(TARGET_NAME)";
				SWIFT_EMIT_LOC_STRINGS = YES;
				SWIFT_VERSION = 5.0;
				TARGETED_DEVICE_FAMILY = "1,2";
			};
			name = Release;
		};
		1DCBA11E29127BD9002F5A57 /* Debug */ = {
			isa = XCBuildConfiguration;
			buildSettings = {
				ALWAYS_EMBED_SWIFT_STANDARD_LIBRARIES = YES;
				BUNDLE_LOADER = "$(TEST_HOST)";
				CODE_SIGN_STYLE = Automatic;
				CURRENT_PROJECT_VERSION = 1;
				DEVELOPMENT_TEAM = F8DPK2WP94;
				GENERATE_INFOPLIST_FILE = YES;
				IPHONEOS_DEPLOYMENT_TARGET = 16.0;
				MARKETING_VERSION = 1.0;
				PRODUCT_BUNDLE_IDENTIFIER = Glucode.weatherAppTests;
				PRODUCT_NAME = "$(TARGET_NAME)";
				SWIFT_EMIT_LOC_STRINGS = NO;
				SWIFT_VERSION = 5.0;
				TARGETED_DEVICE_FAMILY = "1,2";
				TEST_HOST = "$(BUILT_PRODUCTS_DIR)/weatherApp.app/$(BUNDLE_EXECUTABLE_FOLDER_PATH)/weatherApp";
			};
			name = Debug;
		};
		1DCBA11F29127BD9002F5A57 /* Release */ = {
			isa = XCBuildConfiguration;
			buildSettings = {
				ALWAYS_EMBED_SWIFT_STANDARD_LIBRARIES = YES;
				BUNDLE_LOADER = "$(TEST_HOST)";
				CODE_SIGN_STYLE = Automatic;
				CURRENT_PROJECT_VERSION = 1;
				DEVELOPMENT_TEAM = F8DPK2WP94;
				GENERATE_INFOPLIST_FILE = YES;
				IPHONEOS_DEPLOYMENT_TARGET = 16.0;
				MARKETING_VERSION = 1.0;
				PRODUCT_BUNDLE_IDENTIFIER = Glucode.weatherAppTests;
				PRODUCT_NAME = "$(TARGET_NAME)";
				SWIFT_EMIT_LOC_STRINGS = NO;
				SWIFT_VERSION = 5.0;
				TARGETED_DEVICE_FAMILY = "1,2";
				TEST_HOST = "$(BUILT_PRODUCTS_DIR)/weatherApp.app/$(BUNDLE_EXECUTABLE_FOLDER_PATH)/weatherApp";
			};
			name = Release;
		};
		1DCBA12129127BD9002F5A57 /* Debug */ = {
			isa = XCBuildConfiguration;
			buildSettings = {
				ALWAYS_EMBED_SWIFT_STANDARD_LIBRARIES = YES;
				CODE_SIGN_STYLE = Automatic;
				CURRENT_PROJECT_VERSION = 1;
				DEVELOPMENT_TEAM = F8DPK2WP94;
				GENERATE_INFOPLIST_FILE = YES;
				MARKETING_VERSION = 1.0;
				PRODUCT_BUNDLE_IDENTIFIER = Glucode.weatherAppUITests;
				PRODUCT_NAME = "$(TARGET_NAME)";
				SWIFT_EMIT_LOC_STRINGS = NO;
				SWIFT_VERSION = 5.0;
				TARGETED_DEVICE_FAMILY = "1,2";
				TEST_TARGET_NAME = weatherApp;
			};
			name = Debug;
		};
		1DCBA12229127BD9002F5A57 /* Release */ = {
			isa = XCBuildConfiguration;
			buildSettings = {
				ALWAYS_EMBED_SWIFT_STANDARD_LIBRARIES = YES;
				CODE_SIGN_STYLE = Automatic;
				CURRENT_PROJECT_VERSION = 1;
				DEVELOPMENT_TEAM = F8DPK2WP94;
				GENERATE_INFOPLIST_FILE = YES;
				MARKETING_VERSION = 1.0;
				PRODUCT_BUNDLE_IDENTIFIER = Glucode.weatherAppUITests;
				PRODUCT_NAME = "$(TARGET_NAME)";
				SWIFT_EMIT_LOC_STRINGS = NO;
				SWIFT_VERSION = 5.0;
				TARGETED_DEVICE_FAMILY = "1,2";
				TEST_TARGET_NAME = weatherApp;
			};
			name = Release;
		};
/* End XCBuildConfiguration section */

/* Begin XCConfigurationList section */
		1DCBA0EB29127BD7002F5A57 /* Build configuration list for PBXProject "weatherApp" */ = {
			isa = XCConfigurationList;
			buildConfigurations = (
				1DCBA11829127BD9002F5A57 /* Debug */,
				1DCBA11929127BD9002F5A57 /* Release */,
			);
			defaultConfigurationIsVisible = 0;
			defaultConfigurationName = Release;
		};
		1DCBA11A29127BD9002F5A57 /* Build configuration list for PBXNativeTarget "weatherApp" */ = {
			isa = XCConfigurationList;
			buildConfigurations = (
				1DCBA11B29127BD9002F5A57 /* Debug */,
				1DCBA11C29127BD9002F5A57 /* Release */,
			);
			defaultConfigurationIsVisible = 0;
			defaultConfigurationName = Release;
		};
		1DCBA11D29127BD9002F5A57 /* Build configuration list for PBXNativeTarget "weatherAppTests" */ = {
			isa = XCConfigurationList;
			buildConfigurations = (
				1DCBA11E29127BD9002F5A57 /* Debug */,
				1DCBA11F29127BD9002F5A57 /* Release */,
			);
			defaultConfigurationIsVisible = 0;
			defaultConfigurationName = Release;
		};
		1DCBA12029127BD9002F5A57 /* Build configuration list for PBXNativeTarget "weatherAppUITests" */ = {
			isa = XCConfigurationList;
			buildConfigurations = (
				1DCBA12129127BD9002F5A57 /* Debug */,
				1DCBA12229127BD9002F5A57 /* Release */,
			);
			defaultConfigurationIsVisible = 0;
			defaultConfigurationName = Release;
		};
/* End XCConfigurationList section */
	};
	rootObject = 1DCBA0E829127BD7002F5A57 /* Project object */;
}
